
Microsoft Visual Studio Solution File, Format Version 12.00
# Visual Studio Version 17
VisualStudioVersion = 17.0.31903.59
MinimumVisualStudioVersion = 10.0.40219.1
Project("{2150E333-8FDC-42A3-9474-1A3956D46DE8}") = "src", "src", "{923ABE64-82F1-47A1-854E-5ADC71E89A51}"
EndProject
Project("{9A19103F-16F7-4668-BE54-9A1E7A4F7556}") = "NutritionTracker.Application", "src\Application\NutritionTracker.Application.csproj", "{F61553A6-D26B-4FAF-ABAD-349E7D18E6BD}"
EndProject
Project("{9A19103F-16F7-4668-BE54-9A1E7A4F7556}") = "NutritionTracker.Domain", "src\Domain\NutritionTracker.Domain.csproj", "{C73D57C2-FCFE-4B27-9F39-A39BDD2E10D6}"
EndProject
Project("{9A19103F-16F7-4668-BE54-9A1E7A4F7556}") = "NutritionTracker.Infrastructure", "src\Infrastructure\NutritionTracker.Infrastructure.csproj", "{D36CEA5F-2BED-47B6-B1BD-BA5DD19E38DA}"
EndProject
Project("{9A19103F-16F7-4668-BE54-9A1E7A4F7556}") = "NutritionTracker.Migrations.Postgres", "src\Migrations.Postgres\NutritionTracker.Migrations.Postgres.csproj", "{86168600-F118-4C76-8E1E-7F12BF3FE716}"
EndProject
Project("{9A19103F-16F7-4668-BE54-9A1E7A4F7556}") = "NutritionTracker.Migrations.Sqlite", "src\Migrations.Sqlite\NutritionTracker.Migrations.Sqlite.csproj", "{85B74C3D-02E7-449D-9392-DC45BCC858B4}"
EndProject
Project("{2150E333-8FDC-42A3-9474-1A3956D46DE8}") = "tests", "tests", "{AD97D384-08C1-43BF-AAB5-778036087570}"
EndProject
Project("{9A19103F-16F7-4668-BE54-9A1E7A4F7556}") = "NutritionTracker.Application.Tests", "tests\Application.Tests\NutritionTracker.Application.Tests.csproj", "{62EE8F1C-8209-4B84-8F48-3745F4A5AE56}"
EndProject
Project("{9A19103F-16F7-4668-BE54-9A1E7A4F7556}") = "NutritionTracker.Domain.Tests", "tests\Domain.Tests\NutritionTracker.Domain.Tests.csproj", "{73D6B5B6-9598-4775-9C82-4C9C654150A5}"
EndProject
Project("{9A19103F-16F7-4668-BE54-9A1E7A4F7556}") = "NutritionTracker.DataImporter", "src\DataImporter\NutritionTracker.DataImporter.csproj", "{0C5AC974-B5F6-4DAC-8B17-A526F310D27F}"
EndProject
Project("{9A19103F-16F7-4668-BE54-9A1E7A4F7556}") = "NutritionTracker.Web", "src\Web\NutritionTracker.Web.csproj", "{7E8E6FD3-1837-42F3-AC03-1874E7B07AB9}"
EndProject
Project("{2150E333-8FDC-42A3-9474-1A3956D46DE8}") = "Solution Items", "Solution Items", "{703B8575-68EF-4F7F-A33E-A4077CE9D613}"
	ProjectSection(SolutionItems) = preProject
		.dockerignore = .dockerignore
		.gitignore = .gitignore
		docker-compose.yml = docker-compose.yml
		Dockerfile = Dockerfile
		Makefile = Makefile
	EndProjectSection
EndProject
Global
	GlobalSection(SolutionConfigurationPlatforms) = preSolution
		Debug|Any CPU = Debug|Any CPU
		Release|Any CPU = Release|Any CPU
	EndGlobalSection
	GlobalSection(ProjectConfigurationPlatforms) = postSolution
		{F61553A6-D26B-4FAF-ABAD-349E7D18E6BD}.Debug|Any CPU.ActiveCfg = Debug|Any CPU
		{F61553A6-D26B-4FAF-ABAD-349E7D18E6BD}.Debug|Any CPU.Build.0 = Debug|Any CPU
		{F61553A6-D26B-4FAF-ABAD-349E7D18E6BD}.Release|Any CPU.ActiveCfg = Release|Any CPU
		{F61553A6-D26B-4FAF-ABAD-349E7D18E6BD}.Release|Any CPU.Build.0 = Release|Any CPU
		{C73D57C2-FCFE-4B27-9F39-A39BDD2E10D6}.Debug|Any CPU.ActiveCfg = Debug|Any CPU
		{C73D57C2-FCFE-4B27-9F39-A39BDD2E10D6}.Debug|Any CPU.Build.0 = Debug|Any CPU
		{C73D57C2-FCFE-4B27-9F39-A39BDD2E10D6}.Release|Any CPU.ActiveCfg = Release|Any CPU
		{C73D57C2-FCFE-4B27-9F39-A39BDD2E10D6}.Release|Any CPU.Build.0 = Release|Any CPU
		{D36CEA5F-2BED-47B6-B1BD-BA5DD19E38DA}.Debug|Any CPU.ActiveCfg = Debug|Any CPU
		{D36CEA5F-2BED-47B6-B1BD-BA5DD19E38DA}.Debug|Any CPU.Build.0 = Debug|Any CPU
		{D36CEA5F-2BED-47B6-B1BD-BA5DD19E38DA}.Release|Any CPU.ActiveCfg = Release|Any CPU
		{D36CEA5F-2BED-47B6-B1BD-BA5DD19E38DA}.Release|Any CPU.Build.0 = Release|Any CPU
		{86168600-F118-4C76-8E1E-7F12BF3FE716}.Debug|Any CPU.ActiveCfg = Debug|Any CPU
		{86168600-F118-4C76-8E1E-7F12BF3FE716}.Debug|Any CPU.Build.0 = Debug|Any CPU
		{86168600-F118-4C76-8E1E-7F12BF3FE716}.Release|Any CPU.ActiveCfg = Release|Any CPU
		{86168600-F118-4C76-8E1E-7F12BF3FE716}.Release|Any CPU.Build.0 = Release|Any CPU
		{85B74C3D-02E7-449D-9392-DC45BCC858B4}.Debug|Any CPU.ActiveCfg = Debug|Any CPU
		{85B74C3D-02E7-449D-9392-DC45BCC858B4}.Debug|Any CPU.Build.0 = Debug|Any CPU
		{85B74C3D-02E7-449D-9392-DC45BCC858B4}.Release|Any CPU.ActiveCfg = Release|Any CPU
		{85B74C3D-02E7-449D-9392-DC45BCC858B4}.Release|Any CPU.Build.0 = Release|Any CPU
		{62EE8F1C-8209-4B84-8F48-3745F4A5AE56}.Debug|Any CPU.ActiveCfg = Debug|Any CPU
		{62EE8F1C-8209-4B84-8F48-3745F4A5AE56}.Debug|Any CPU.Build.0 = Debug|Any CPU
		{62EE8F1C-8209-4B84-8F48-3745F4A5AE56}.Release|Any CPU.ActiveCfg = Release|Any CPU
		{62EE8F1C-8209-4B84-8F48-3745F4A5AE56}.Release|Any CPU.Build.0 = Release|Any CPU
		{73D6B5B6-9598-4775-9C82-4C9C654150A5}.Debug|Any CPU.ActiveCfg = Debug|Any CPU
		{73D6B5B6-9598-4775-9C82-4C9C654150A5}.Debug|Any CPU.Build.0 = Debug|Any CPU
		{73D6B5B6-9598-4775-9C82-4C9C654150A5}.Release|Any CPU.ActiveCfg = Release|Any CPU
		{73D6B5B6-9598-4775-9C82-4C9C654150A5}.Release|Any CPU.Build.0 = Release|Any CPU
		{0C5AC974-B5F6-4DAC-8B17-A526F310D27F}.Debug|Any CPU.ActiveCfg = Debug|Any CPU
		{0C5AC974-B5F6-4DAC-8B17-A526F310D27F}.Debug|Any CPU.Build.0 = Debug|Any CPU
		{0C5AC974-B5F6-4DAC-8B17-A526F310D27F}.Release|Any CPU.ActiveCfg = Release|Any CPU
		{0C5AC974-B5F6-4DAC-8B17-A526F310D27F}.Release|Any CPU.Build.0 = Release|Any CPU
		{7E8E6FD3-1837-42F3-AC03-1874E7B07AB9}.Debug|Any CPU.ActiveCfg = Debug|Any CPU
		{7E8E6FD3-1837-42F3-AC03-1874E7B07AB9}.Debug|Any CPU.Build.0 = Debug|Any CPU
		{7E8E6FD3-1837-42F3-AC03-1874E7B07AB9}.Release|Any CPU.ActiveCfg = Release|Any CPU
		{7E8E6FD3-1837-42F3-AC03-1874E7B07AB9}.Release|Any CPU.Build.0 = Release|Any CPU
	EndGlobalSection
	GlobalSection(SolutionProperties) = preSolution
		HideSolutionNode = FALSE
	EndGlobalSection
	GlobalSection(NestedProjects) = preSolution
		{F61553A6-D26B-4FAF-ABAD-349E7D18E6BD} = {923ABE64-82F1-47A1-854E-5ADC71E89A51}
		{C73D57C2-FCFE-4B27-9F39-A39BDD2E10D6} = {923ABE64-82F1-47A1-854E-5ADC71E89A51}
		{D36CEA5F-2BED-47B6-B1BD-BA5DD19E38DA} = {923ABE64-82F1-47A1-854E-5ADC71E89A51}
		{86168600-F118-4C76-8E1E-7F12BF3FE716} = {923ABE64-82F1-47A1-854E-5ADC71E89A51}
		{85B74C3D-02E7-449D-9392-DC45BCC858B4} = {923ABE64-82F1-47A1-854E-5ADC71E89A51}
		{62EE8F1C-8209-4B84-8F48-3745F4A5AE56} = {AD97D384-08C1-43BF-AAB5-778036087570}
		{73D6B5B6-9598-4775-9C82-4C9C654150A5} = {AD97D384-08C1-43BF-AAB5-778036087570}
		{0C5AC974-B5F6-4DAC-8B17-A526F310D27F} = {923ABE64-82F1-47A1-854E-5ADC71E89A51}
		{7E8E6FD3-1837-42F3-AC03-1874E7B07AB9} = {923ABE64-82F1-47A1-854E-5ADC71E89A51}
	EndGlobalSection
	GlobalSection(ExtensibilityGlobals) = postSolution
		SolutionGuid = {32B8F6DC-3EAE-46A7-B671-5DD727983895}
	EndGlobalSection
EndGlobal
